
Microsoft Visual Studio Solution File, Format Version 12.00
# Visual Studio Version 17
VisualStudioVersion = 17.4.33213.308
MinimumVisualStudioVersion = 10.0.40219.1
Project("{FAE04EC0-301F-11D3-BF4B-00C04F79EFBC}") = "ExamenSegundoPeriodo2023.Android", "ExamenSegundoPeriodo2023.Android\ExamenSegundoPeriodo2023.Android.csproj", "{185E9431-7B32-4388-A0AD-59CD6908304F}"
EndProject
Project("{FAE04EC0-301F-11D3-BF4B-00C04F79EFBC}") = "ExamenSegundoPeriodo2023", "ExamenSegundoPeriodo2023\ExamenSegundoPeriodo2023.csproj", "{0B0FDC70-609A-4511-871B-9999793358B2}"
EndProject
Global
	GlobalSection(SolutionConfigurationPlatforms) = preSolution
		Debug|Any CPU = Debug|Any CPU
		Release|Any CPU = Release|Any CPU
	EndGlobalSection
	GlobalSection(ProjectConfigurationPlatforms) = postSolution
		{185E9431-7B32-4388-A0AD-59CD6908304F}.Debug|Any CPU.ActiveCfg = Debug|Any CPU
		{185E9431-7B32-4388-A0AD-59CD6908304F}.Debug|Any CPU.Build.0 = Debug|Any CPU
		{185E9431-7B32-4388-A0AD-59CD6908304F}.Debug|Any CPU.Deploy.0 = Debug|Any CPU
		{185E9431-7B32-4388-A0AD-59CD6908304F}.Release|Any CPU.ActiveCfg = Release|Any CPU
		{185E9431-7B32-4388-A0AD-59CD6908304F}.Release|Any CPU.Build.0 = Release|Any CPU
		{185E9431-7B32-4388-A0AD-59CD6908304F}.Release|Any CPU.Deploy.0 = Release|Any CPU
		{0B0FDC70-609A-4511-871B-9999793358B2}.Debug|Any CPU.ActiveCfg = Debug|Any CPU
		{0B0FDC70-609A-4511-871B-9999793358B2}.Debug|Any CPU.Build.0 = Debug|Any CPU
		{0B0FDC70-609A-4511-871B-9999793358B2}.Debug|Any CPU.Deploy.0 = Debug|Any CPU
		{0B0FDC70-609A-4511-871B-9999793358B2}.Release|Any CPU.ActiveCfg = Release|Any CPU
		{0B0FDC70-609A-4511-871B-9999793358B2}.Release|Any CPU.Build.0 = Release|Any CPU
		{0B0FDC70-609A-4511-871B-9999793358B2}.Release|Any CPU.Deploy.0 = Release|Any CPU
	EndGlobalSection
	GlobalSection(SolutionProperties) = preSolution
		HideSolutionNode = FALSE
	EndGlobalSection
	GlobalSection(ExtensibilityGlobals) = postSolution
		SolutionGuid = {857E5A28-81D1-4241-AF31-D48BA3F19A3F}
	EndGlobalSection
EndGlobal
